
Microsoft Visual Studio Solution File, Format Version 12.00
# Visual Studio Version 17
VisualStudioVersion = 17.9.34728.123
MinimumVisualStudioVersion = 10.0.40219.1
Project("{9A19103F-16F7-4668-BE54-9A1E7A4F7556}") = "MigrationOps.ConsoleApp", "MigrationOps.ConsoleApp\MigrationOps.ConsoleApp.csproj", "{467AE79D-B8B1-4EB9-BA75-97618F264645}"
EndProject
Project("{9A19103F-16F7-4668-BE54-9A1E7A4F7556}") = "MigrationOps.Core", "MigrationOps.Core\MigrationOps.Core.csproj", "{15A2975F-2184-45B7-93C9-8FB0DDE38F7D}"
EndProject
Project("{FAE04EC0-301F-11D3-BF4B-00C04F79EFBC}") = "MigrationOps.Dashboard", "MigrationOps.Dashboard\MigrationOps.Dashboard.csproj", "{E9ACDEDA-04C0-41DE-B638-54968D071E77}"
EndProject
Project("{FAE04EC0-301F-11D3-BF4B-00C04F79EFBC}") = "MigrationOps.Core.Tests", "MigrationOps.Core.Tests\MigrationOps.Core.Tests.csproj", "{693BDB4C-3494-4BBA-8E86-06CDE4E70F22}"
EndProject
Global
	GlobalSection(SolutionConfigurationPlatforms) = preSolution
		Debug|Any CPU = Debug|Any CPU
		Debug|x64 = Debug|x64
		Debug|x86 = Debug|x86
		Release|Any CPU = Release|Any CPU
		Release|x64 = Release|x64
		Release|x86 = Release|x86
	EndGlobalSection
	GlobalSection(ProjectConfigurationPlatforms) = postSolution
		{467AE79D-B8B1-4EB9-BA75-97618F264645}.Debug|Any CPU.ActiveCfg = Debug|Any CPU
		{467AE79D-B8B1-4EB9-BA75-97618F264645}.Debug|Any CPU.Build.0 = Debug|Any CPU
		{467AE79D-B8B1-4EB9-BA75-97618F264645}.Debug|x64.ActiveCfg = Debug|Any CPU
		{467AE79D-B8B1-4EB9-BA75-97618F264645}.Debug|x64.Build.0 = Debug|Any CPU
		{467AE79D-B8B1-4EB9-BA75-97618F264645}.Debug|x86.ActiveCfg = Debug|Any CPU
		{467AE79D-B8B1-4EB9-BA75-97618F264645}.Debug|x86.Build.0 = Debug|Any CPU
		{467AE79D-B8B1-4EB9-BA75-97618F264645}.Release|Any CPU.ActiveCfg = Release|Any CPU
		{467AE79D-B8B1-4EB9-BA75-97618F264645}.Release|Any CPU.Build.0 = Release|Any CPU
		{467AE79D-B8B1-4EB9-BA75-97618F264645}.Release|x64.ActiveCfg = Release|Any CPU
		{467AE79D-B8B1-4EB9-BA75-97618F264645}.Release|x64.Build.0 = Release|Any CPU
		{467AE79D-B8B1-4EB9-BA75-97618F264645}.Release|x86.ActiveCfg = Release|Any CPU
		{467AE79D-B8B1-4EB9-BA75-97618F264645}.Release|x86.Build.0 = Release|Any CPU
		{15A2975F-2184-45B7-93C9-8FB0DDE38F7D}.Debug|Any CPU.ActiveCfg = Debug|Any CPU
		{15A2975F-2184-45B7-93C9-8FB0DDE38F7D}.Debug|Any CPU.Build.0 = Debug|Any CPU
		{15A2975F-2184-45B7-93C9-8FB0DDE38F7D}.Debug|x64.ActiveCfg = Debug|Any CPU
		{15A2975F-2184-45B7-93C9-8FB0DDE38F7D}.Debug|x64.Build.0 = Debug|Any CPU
		{15A2975F-2184-45B7-93C9-8FB0DDE38F7D}.Debug|x86.ActiveCfg = Debug|Any CPU
		{15A2975F-2184-45B7-93C9-8FB0DDE38F7D}.Debug|x86.Build.0 = Debug|Any CPU
		{15A2975F-2184-45B7-93C9-8FB0DDE38F7D}.Release|Any CPU.ActiveCfg = Release|Any CPU
		{15A2975F-2184-45B7-93C9-8FB0DDE38F7D}.Release|Any CPU.Build.0 = Release|Any CPU
		{15A2975F-2184-45B7-93C9-8FB0DDE38F7D}.Release|x64.ActiveCfg = Release|Any CPU
		{15A2975F-2184-45B7-93C9-8FB0DDE38F7D}.Release|x64.Build.0 = Release|Any CPU
		{15A2975F-2184-45B7-93C9-8FB0DDE38F7D}.Release|x86.ActiveCfg = Release|Any CPU
		{15A2975F-2184-45B7-93C9-8FB0DDE38F7D}.Release|x86.Build.0 = Release|Any CPU
		{E9ACDEDA-04C0-41DE-B638-54968D071E77}.Debug|Any CPU.ActiveCfg = Debug|Any CPU
		{E9ACDEDA-04C0-41DE-B638-54968D071E77}.Debug|Any CPU.Build.0 = Debug|Any CPU
		{E9ACDEDA-04C0-41DE-B638-54968D071E77}.Debug|x64.ActiveCfg = Debug|Any CPU
		{E9ACDEDA-04C0-41DE-B638-54968D071E77}.Debug|x64.Build.0 = Debug|Any CPU
		{E9ACDEDA-04C0-41DE-B638-54968D071E77}.Debug|x86.ActiveCfg = Debug|Any CPU
		{E9ACDEDA-04C0-41DE-B638-54968D071E77}.Debug|x86.Build.0 = Debug|Any CPU
		{E9ACDEDA-04C0-41DE-B638-54968D071E77}.Release|Any CPU.ActiveCfg = Release|Any CPU
		{E9ACDEDA-04C0-41DE-B638-54968D071E77}.Release|Any CPU.Build.0 = Release|Any CPU
		{E9ACDEDA-04C0-41DE-B638-54968D071E77}.Release|x64.ActiveCfg = Release|Any CPU
		{E9ACDEDA-04C0-41DE-B638-54968D071E77}.Release|x64.Build.0 = Release|Any CPU
		{E9ACDEDA-04C0-41DE-B638-54968D071E77}.Release|x86.ActiveCfg = Release|Any CPU
		{E9ACDEDA-04C0-41DE-B638-54968D071E77}.Release|x86.Build.0 = Release|Any CPU
		{693BDB4C-3494-4BBA-8E86-06CDE4E70F22}.Debug|Any CPU.ActiveCfg = Debug|Any CPU
		{693BDB4C-3494-4BBA-8E86-06CDE4E70F22}.Debug|Any CPU.Build.0 = Debug|Any CPU
		{693BDB4C-3494-4BBA-8E86-06CDE4E70F22}.Debug|x64.ActiveCfg = Debug|Any CPU
		{693BDB4C-3494-4BBA-8E86-06CDE4E70F22}.Debug|x64.Build.0 = Debug|Any CPU
		{693BDB4C-3494-4BBA-8E86-06CDE4E70F22}.Debug|x86.ActiveCfg = Debug|Any CPU
		{693BDB4C-3494-4BBA-8E86-06CDE4E70F22}.Debug|x86.Build.0 = Debug|Any CPU
		{693BDB4C-3494-4BBA-8E86-06CDE4E70F22}.Release|Any CPU.ActiveCfg = Release|Any CPU
		{693BDB4C-3494-4BBA-8E86-06CDE4E70F22}.Release|Any CPU.Build.0 = Release|Any CPU
		{693BDB4C-3494-4BBA-8E86-06CDE4E70F22}.Release|x64.ActiveCfg = Release|Any CPU
		{693BDB4C-3494-4BBA-8E86-06CDE4E70F22}.Release|x64.Build.0 = Release|Any CPU
		{693BDB4C-3494-4BBA-8E86-06CDE4E70F22}.Release|x86.ActiveCfg = Release|Any CPU
		{693BDB4C-3494-4BBA-8E86-06CDE4E70F22}.Release|x86.Build.0 = Release|Any CPU
	EndGlobalSection
	GlobalSection(SolutionProperties) = preSolution
		HideSolutionNode = FALSE
	EndGlobalSection
	GlobalSection(ExtensibilityGlobals) = postSolution
		SolutionGuid = {F9745625-7EDC-4552-B215-2104616E5AF4}
	EndGlobalSection
EndGlobal
